
Microsoft Visual Studio Solution File, Format Version 12.00
# Visual Studio Version 16
VisualStudioVersion = 16.0.31729.503
MinimumVisualStudioVersion = 10.0.40219.1
Project("{FAE04EC0-301F-11D3-BF4B-00C04F79EFBC}") = "AddDummyDataDB", "AddDummyDataDB\AddDummyDataDB.csproj", "{6E711C1A-8887-4C22-A486-92478A7E478A}"
EndProject
Global
	GlobalSection(SolutionConfigurationPlatforms) = preSolution
		Debug|Any CPU = Debug|Any CPU
		Release|Any CPU = Release|Any CPU
	EndGlobalSection
	GlobalSection(ProjectConfigurationPlatforms) = postSolution
		{6E711C1A-8887-4C22-A486-92478A7E478A}.Debug|Any CPU.ActiveCfg = Debug|Any CPU
		{6E711C1A-8887-4C22-A486-92478A7E478A}.Debug|Any CPU.Build.0 = Debug|Any CPU
		{6E711C1A-8887-4C22-A486-92478A7E478A}.Release|Any CPU.ActiveCfg = Release|Any CPU
		{6E711C1A-8887-4C22-A486-92478A7E478A}.Release|Any CPU.Build.0 = Release|Any CPU
	EndGlobalSection
	GlobalSection(SolutionProperties) = preSolution
		HideSolutionNode = FALSE
	EndGlobalSection
	GlobalSection(ExtensibilityGlobals) = postSolution
		SolutionGuid = {D7045CCA-1BE1-4691-9C3E-AD9EB10FA810}
	EndGlobalSection
EndGlobal
